{
  "name": "vue-react",
  "lockfileVersion": 3,
  "requires": true,
  "packages": {
    "": {
      "dependencies": {
        "vue-hooks": "^0.3.2"
      }
    },
    "node_modules/vue-hooks": {
      "version": "0.3.2",
      "resolved": "https://registry.npmmirror.com/vue-hooks/-/vue-hooks-0.3.2.tgz",
      "integrity": "sha512-yLNLPdEjtSNbGCICajRRJ6JcYNbQK3jvfr8PPpB4Tg0+9hBNaRk50+ZYNtlAy7xXBGLHbR8/h2Gjao5SZYZW4w==",
      "license": "MIT"
    }
  }
}
