{
  "name": "demo",
  "version": "1.0.0",
  "lockfileVersion": 3,
  "requires": true,
  "packages": {
    "": {
      "name": "demo",
      "version": "1.0.0",
      "license": "ISC"
    },
    "node_modules/.pnpm/tiktoken@1.0.22/node_modules/tiktoken": {
      "version": "1.0.22",
      "extraneous": true,
      "license": "MIT"
    }
  }
}
